
Microsoft Visual Studio Solution File, Format Version 12.00
# Visual Studio Version 17
VisualStudioVersion = 17.14.36429.23 d17.14
MinimumVisualStudioVersion = 10.0.40219.1
Project("{FAE04EC0-301F-11D3-BF4B-00C04F79EFBC}") = "GarajeMVC", "GarajeMVC.csproj", "{411508BB-FE82-4361-97AC-71F573564985}"
EndProject
Global
	GlobalSection(SolutionConfigurationPlatforms) = preSolution
		Debug|Any CPU = Debug|Any CPU
		Release|Any CPU = Release|Any CPU
	EndGlobalSection
	GlobalSection(ProjectConfigurationPlatforms) = postSolution
		{411508BB-FE82-4361-97AC-71F573564985}.Debug|Any CPU.ActiveCfg = Debug|Any CPU
		{411508BB-FE82-4361-97AC-71F573564985}.Debug|Any CPU.Build.0 = Debug|Any CPU
		{411508BB-FE82-4361-97AC-71F573564985}.Release|Any CPU.ActiveCfg = Release|Any CPU
		{411508BB-FE82-4361-97AC-71F573564985}.Release|Any CPU.Build.0 = Release|Any CPU
	EndGlobalSection
	GlobalSection(SolutionProperties) = preSolution
		HideSolutionNode = FALSE
	EndGlobalSection
	GlobalSection(ExtensibilityGlobals) = postSolution
		SolutionGuid = {EEC118F5-DBA5-4DFF-9E77-3C08F3DED0FE}
	EndGlobalSection
EndGlobal
